
Microsoft Visual Studio Solution File, Format Version 12.00
# Visual Studio 15
Project("{FAE04EC0-301F-11D3-BF4B-00C04F79EFBC}") = "Scripts", "Scripts.csproj", "{80A3C8C4-C9DD-6488-4C08-65972712DE6B}"
EndProject
Project("{FAE04EC0-301F-11D3-BF4B-00C04F79EFBC}") = "EditMode", "EditMode.csproj", "{DC321AD9-49B6-45BE-3D5C-7DD0E5439C15}"
EndProject
Global
	GlobalSection(SolutionConfigurationPlatforms) = preSolution
		Debug|Any CPU = Debug|Any CPU
		Release|Any CPU = Release|Any CPU
	EndGlobalSection
	GlobalSection(ProjectConfigurationPlatforms) = postSolution
		{80A3C8C4-C9DD-6488-4C08-65972712DE6B}.Debug|Any CPU.ActiveCfg = Debug|Any CPU
		{80A3C8C4-C9DD-6488-4C08-65972712DE6B}.Debug|Any CPU.Build.0 = Debug|Any CPU
		{80A3C8C4-C9DD-6488-4C08-65972712DE6B}.Release|Any CPU.ActiveCfg = Release|Any CPU
		{80A3C8C4-C9DD-6488-4C08-65972712DE6B}.Release|Any CPU.Build.0 = Release|Any CPU
		{DC321AD9-49B6-45BE-3D5C-7DD0E5439C15}.Debug|Any CPU.ActiveCfg = Debug|Any CPU
		{DC321AD9-49B6-45BE-3D5C-7DD0E5439C15}.Debug|Any CPU.Build.0 = Debug|Any CPU
		{DC321AD9-49B6-45BE-3D5C-7DD0E5439C15}.Release|Any CPU.ActiveCfg = Release|Any CPU
		{DC321AD9-49B6-45BE-3D5C-7DD0E5439C15}.Release|Any CPU.Build.0 = Release|Any CPU
	EndGlobalSection
	GlobalSection(SolutionProperties) = preSolution
		HideSolutionNode = FALSE
	EndGlobalSection
EndGlobal
